// !$*UTF8*$!
{
	archiveVersion = 1;
	classes = {
	};
	objectVersion = 47;
	objects = {

/* Begin PBXBuildFile section */
		3FE849CF1CB189C10025BF9A /* DatabaseDeclaration.swift in Sources */ = {isa = PBXBuildFile; fileRef = 3FE849CE1CB189C10025BF9A /* DatabaseDeclaration.swift */; };
		3FE849D01CB189C10025BF9A /* DatabaseDeclaration.swift in Sources */ = {isa = PBXBuildFile; fileRef = 3FE849CE1CB189C10025BF9A /* DatabaseDeclaration.swift */; };
		3FE849D11CB189C10025BF9A /* DatabaseDeclaration.swift in Sources */ = {isa = PBXBuildFile; fileRef = 3FE849CE1CB189C10025BF9A /* DatabaseDeclaration.swift */; };
		3FE849E01CB18B000025BF9A /* Realm.framework in Frameworks */ = {isa = PBXBuildFile; fileRef = 3FE849DE1CB18B000025BF9A /* Realm.framework */; };
		3FE849E11CB18B000025BF9A /* Realm.framework in Embed Frameworks */ = {isa = PBXBuildFile; fileRef = 3FE849DE1CB18B000025BF9A /* Realm.framework */; settings = {ATTRIBUTES = (CodeSignOnCopy, RemoveHeadersOnCopy, ); }; };
		3FE849E21CB18B000025BF9A /* RealmSwift.framework in Frameworks */ = {isa = PBXBuildFile; fileRef = 3FE849DF1CB18B000025BF9A /* RealmSwift.framework */; };
		3FE849E31CB18B000025BF9A /* RealmSwift.framework in Embed Frameworks */ = {isa = PBXBuildFile; fileRef = 3FE849DF1CB18B000025BF9A /* RealmSwift.framework */; settings = {ATTRIBUTES = (CodeSignOnCopy, RemoveHeadersOnCopy, ); }; };
		3FE849E41CB18B170025BF9A /* Realm.framework in Frameworks */ = {isa = PBXBuildFile; fileRef = 3FE849DE1CB18B000025BF9A /* Realm.framework */; };
		3FE849E51CB18B170025BF9A /* Realm.framework in Frameworks */ = {isa = PBXBuildFile; fileRef = 3FE849DE1CB18B000025BF9A /* Realm.framework */; };
		3FE849E61CB18B1A0025BF9A /* RealmSwift.framework in Frameworks */ = {isa = PBXBuildFile; fileRef = 3FE849DF1CB18B000025BF9A /* RealmSwift.framework */; };
		3FE849E71CB18B1A0025BF9A /* RealmSwift.framework in Frameworks */ = {isa = PBXBuildFile; fileRef = 3FE849DF1CB18B000025BF9A /* RealmSwift.framework */; };
		3FE849E91CB2DA3D0025BF9A /* Database.realm in Resources */ = {isa = PBXBuildFile; fileRef = 3FE849E81CB2DA3D0025BF9A /* Database.realm */; };
		3FE849EA1CB2DA3D0025BF9A /* Database.realm in Resources */ = {isa = PBXBuildFile; fileRef = 3FE849E81CB2DA3D0025BF9A /* Database.realm */; };
		3FE849EB1CB2DA3D0025BF9A /* Database.realm in Resources */ = {isa = PBXBuildFile; fileRef = 3FE849E81CB2DA3D0025BF9A /* Database.realm */; };
		3FE849EC1CB2DFF80025BF9A /* Main.storyboard in Resources */ = {isa = PBXBuildFile; fileRef = 3FF6843E1C8F2AC700A8814E /* Main.storyboard */; };
		3FE849ED1CB2DFF80025BF9A /* Main.storyboard in Resources */ = {isa = PBXBuildFile; fileRef = 3FF6843E1C8F2AC700A8814E /* Main.storyboard */; };
		3FE849EE1CB2DFFC0025BF9A /* LaunchScreen.storyboard in Resources */ = {isa = PBXBuildFile; fileRef = 3FF684431C8F2AC700A8814E /* LaunchScreen.storyboard */; };
		3FE849EF1CB2DFFC0025BF9A /* LaunchScreen.storyboard in Resources */ = {isa = PBXBuildFile; fileRef = 3FF684431C8F2AC700A8814E /* LaunchScreen.storyboard */; };
		3FE849F01CB2E0040025BF9A /* DatabaseTest.swift in Sources */ = {isa = PBXBuildFile; fileRef = 3FF6843C1C8F2AC700A8814E /* DatabaseTest.swift */; };
		3FE849F11CB2E0040025BF9A /* DatabaseTest.swift in Sources */ = {isa = PBXBuildFile; fileRef = 3FF6843C1C8F2AC700A8814E /* DatabaseTest.swift */; };
		3FE849F21CB2E0070025BF9A /* AppDelegate.swift in Sources */ = {isa = PBXBuildFile; fileRef = 3FF6843A1C8F2AC700A8814E /* AppDelegate.swift */; };
		3FE849F31CB2E0080025BF9A /* AppDelegate.swift in Sources */ = {isa = PBXBuildFile; fileRef = 3FF6843A1C8F2AC700A8814E /* AppDelegate.swift */; };
		3FE849F41CB2E00C0025BF9A /* Assets.xcassets in Resources */ = {isa = PBXBuildFile; fileRef = 3FF684411C8F2AC700A8814E /* Assets.xcassets */; };
		3FE849F51CB2E00C0025BF9A /* Assets.xcassets in Resources */ = {isa = PBXBuildFile; fileRef = 3FF684411C8F2AC700A8814E /* Assets.xcassets */; };
		3FF6843B1C8F2AC700A8814E /* AppDelegate.swift in Sources */ = {isa = PBXBuildFile; fileRef = 3FF6843A1C8F2AC700A8814E /* AppDelegate.swift */; };
		3FF6843D1C8F2AC700A8814E /* DatabaseTest.swift in Sources */ = {isa = PBXBuildFile; fileRef = 3FF6843C1C8F2AC700A8814E /* DatabaseTest.swift */; };
		3FF684401C8F2AC700A8814E /* Main.storyboard in Resources */ = {isa = PBXBuildFile; fileRef = 3FF6843E1C8F2AC700A8814E /* Main.storyboard */; };
		3FF684421C8F2AC700A8814E /* Assets.xcassets in Resources */ = {isa = PBXBuildFile; fileRef = 3FF684411C8F2AC700A8814E /* Assets.xcassets */; };
		3FF684451C8F2AC700A8814E /* LaunchScreen.storyboard in Resources */ = {isa = PBXBuildFile; fileRef = 3FF684431C8F2AC700A8814E /* LaunchScreen.storyboard */; };
		3FF684501C8F2AC700A8814E /* RealmDatabase2Tests.swift in Sources */ = {isa = PBXBuildFile; fileRef = 3FF6844F1C8F2AC700A8814E /* RealmDatabase2Tests.swift */; };
		3FF6845B1C8F2AC700A8814E /* RealmDatabase2UITests.swift in Sources */ = {isa = PBXBuildFile; fileRef = 3FF6845A1C8F2AC700A8814E /* RealmDatabase2UITests.swift */; };
/* End PBXBuildFile section */

/* Begin PBXContainerItemProxy section */
		3FF6844C1C8F2AC700A8814E /* PBXContainerItemProxy */ = {
			isa = PBXContainerItemProxy;
			containerPortal = 3FF6842F1C8F2AC700A8814E /* Project object */;
			proxyType = 1;
			remoteGlobalIDString = 3FF684361C8F2AC700A8814E;
			remoteInfo = RealmDatabase2;
		};
		3FF684571C8F2AC700A8814E /* PBXContainerItemProxy */ = {
			isa = PBXContainerItemProxy;
			containerPortal = 3FF6842F1C8F2AC700A8814E /* Project object */;
			proxyType = 1;
			remoteGlobalIDString = 3FF684361C8F2AC700A8814E;
			remoteInfo = RealmDatabase2;
		};
/* End PBXContainerItemProxy section */

/* Begin PBXCopyFilesBuildPhase section */
		3FE849D81CB18A110025BF9A /* Embed Frameworks */ = {
			isa = PBXCopyFilesBuildPhase;
			buildActionMask = 2147483647;
			dstPath = "";
			dstSubfolderSpec = 10;
			files = (
				3FE849E31CB18B000025BF9A /* RealmSwift.framework in Embed Frameworks */,
				3FE849E11CB18B000025BF9A /* Realm.framework in Embed Frameworks */,
			);
			name = "Embed Frameworks";
			runOnlyForDeploymentPostprocessing = 0;
		};
/* End PBXCopyFilesBuildPhase section */

/* Begin PBXFileReference section */
		3FE849CE1CB189C10025BF9A /* DatabaseDeclaration.swift */ = {isa = PBXFileReference; fileEncoding = 4; lastKnownFileType = sourcecode.swift; path = DatabaseDeclaration.swift; sourceTree = "<group>"; };
		3FE849DE1CB18B000025BF9A /* Realm.framework */ = {isa = PBXFileReference; lastKnownFileType = wrapper.framework; path = Realm.framework; sourceTree = "<group>"; };
		3FE849DF1CB18B000025BF9A /* RealmSwift.framework */ = {isa = PBXFileReference; lastKnownFileType = wrapper.framework; path = RealmSwift.framework; sourceTree = "<group>"; };
		3FE849E81CB2DA3D0025BF9A /* Database.realm */ = {isa = PBXFileReference; lastKnownFileType = file; path = Database.realm; sourceTree = "<group>"; };
		3FF684371C8F2AC700A8814E /* RealmDatabase2.app */ = {isa = PBXFileReference; explicitFileType = wrapper.application; includeInIndex = 0; path = RealmDatabase2.app; sourceTree = BUILT_PRODUCTS_DIR; };
		3FF6843A1C8F2AC700A8814E /* AppDelegate.swift */ = {isa = PBXFileReference; lastKnownFileType = sourcecode.swift; path = AppDelegate.swift; sourceTree = "<group>"; };
		3FF6843C1C8F2AC700A8814E /* DatabaseTest.swift */ = {isa = PBXFileReference; lastKnownFileType = sourcecode.swift; path = DatabaseTest.swift; sourceTree = "<group>"; };
		3FF6843F1C8F2AC700A8814E /* Base */ = {isa = PBXFileReference; lastKnownFileType = file.storyboard; name = Base; path = Base.lproj/Main.storyboard; sourceTree = "<group>"; };
		3FF684411C8F2AC700A8814E /* Assets.xcassets */ = {isa = PBXFileReference; lastKnownFileType = folder.assetcatalog; path = Assets.xcassets; sourceTree = "<group>"; };
		3FF684441C8F2AC700A8814E /* Base */ = {isa = PBXFileReference; lastKnownFileType = file.storyboard; name = Base; path = Base.lproj/LaunchScreen.storyboard; sourceTree = "<group>"; };
		3FF684461C8F2AC700A8814E /* Info.plist */ = {isa = PBXFileReference; lastKnownFileType = text.plist.xml; path = Info.plist; sourceTree = "<group>"; };
		3FF6844B1C8F2AC700A8814E /* RealmDatabase2Tests.xctest */ = {isa = PBXFileReference; explicitFileType = wrapper.cfbundle; includeInIndex = 0; path = RealmDatabase2Tests.xctest; sourceTree = BUILT_PRODUCTS_DIR; };
		3FF6844F1C8F2AC700A8814E /* RealmDatabase2Tests.swift */ = {isa = PBXFileReference; lastKnownFileType = sourcecode.swift; path = RealmDatabase2Tests.swift; sourceTree = "<group>"; };
		3FF684511C8F2AC700A8814E /* Info.plist */ = {isa = PBXFileReference; lastKnownFileType = text.plist.xml; path = Info.plist; sourceTree = "<group>"; };
		3FF684561C8F2AC700A8814E /* RealmDatabase2UITests.xctest */ = {isa = PBXFileReference; explicitFileType = wrapper.cfbundle; includeInIndex = 0; path = RealmDatabase2UITests.xctest; sourceTree = BUILT_PRODUCTS_DIR; };
		3FF6845A1C8F2AC700A8814E /* RealmDatabase2UITests.swift */ = {isa = PBXFileReference; lastKnownFileType = sourcecode.swift; path = RealmDatabase2UITests.swift; sourceTree = "<group>"; };
		3FF6845C1C8F2AC700A8814E /* Info.plist */ = {isa = PBXFileReference; lastKnownFileType = text.plist.xml; path = Info.plist; sourceTree = "<group>"; };
/* End PBXFileReference section */

/* Begin PBXFrameworksBuildPhase section */
		3FF684341C8F2AC700A8814E /* Frameworks */ = {
			isa = PBXFrameworksBuildPhase;
			buildActionMask = 2147483647;
			files = (
				3FE849E21CB18B000025BF9A /* RealmSwift.framework in Frameworks */,
				3FE849E01CB18B000025BF9A /* Realm.framework in Frameworks */,
			);
			runOnlyForDeploymentPostprocessing = 0;
		};
		3FF684481C8F2AC700A8814E /* Frameworks */ = {
			isa = PBXFrameworksBuildPhase;
			buildActionMask = 2147483647;
			files = (
				3FE849E61CB18B1A0025BF9A /* RealmSwift.framework in Frameworks */,
				3FE849E41CB18B170025BF9A /* Realm.framework in Frameworks */,
			);
			runOnlyForDeploymentPostprocessing = 0;
		};
		3FF684531C8F2AC700A8814E /* Frameworks */ = {
			isa = PBXFrameworksBuildPhase;
			buildActionMask = 2147483647;
			files = (
				3FE849E71CB18B1A0025BF9A /* RealmSwift.framework in Frameworks */,
				3FE849E51CB18B170025BF9A /* Realm.framework in Frameworks */,
			);
			runOnlyForDeploymentPostprocessing = 0;
		};
/* End PBXFrameworksBuildPhase section */

/* Begin PBXGroup section */
		3FE849DD1CB18A6C0025BF9A /* Frameworks */ = {
			isa = PBXGroup;
			children = (
				3FE849DE1CB18B000025BF9A /* Realm.framework */,
				3FE849DF1CB18B000025BF9A /* RealmSwift.framework */,
			);
			name = Frameworks;
			sourceTree = "<group>";
		};
		3FE849F61CB2FF340025BF9A /* Database */ = {
			isa = PBXGroup;
			children = (
				3FE849E81CB2DA3D0025BF9A /* Database.realm */,
			);
			name = Database;
			path = ..;
			sourceTree = "<group>";
		};
		3FF6842E1C8F2AC700A8814E = {
			isa = PBXGroup;
			children = (
				3FF684391C8F2AC700A8814E /* RealmDatabase2 */,
				3FF6844E1C8F2AC700A8814E /* RealmDatabase2Tests */,
				3FF684591C8F2AC700A8814E /* RealmDatabase2UITests */,
				3FF684381C8F2AC700A8814E /* Products */,
				3FE849DD1CB18A6C0025BF9A /* Frameworks */,
			);
			sourceTree = "<group>";
		};
		3FF684381C8F2AC700A8814E /* Products */ = {
			isa = PBXGroup;
			children = (
				3FF684371C8F2AC700A8814E /* RealmDatabase2.app */,
				3FF6844B1C8F2AC700A8814E /* RealmDatabase2Tests.xctest */,
				3FF684561C8F2AC700A8814E /* RealmDatabase2UITests.xctest */,
			);
			name = Products;
			sourceTree = "<group>";
		};
		3FF684391C8F2AC700A8814E /* RealmDatabase2 */ = {
			isa = PBXGroup;
			children = (
				3FF6843A1C8F2AC700A8814E /* AppDelegate.swift */,
				3FF6843C1C8F2AC700A8814E /* DatabaseTest.swift */,
				3FF6843E1C8F2AC700A8814E /* Main.storyboard */,
				3FF684411C8F2AC700A8814E /* Assets.xcassets */,
				3FF684431C8F2AC700A8814E /* LaunchScreen.storyboard */,
				3FF684461C8F2AC700A8814E /* Info.plist */,
				3FE849CE1CB189C10025BF9A /* DatabaseDeclaration.swift */,
				3FE849F61CB2FF340025BF9A /* Database */,
			);
			path = RealmDatabase2;
			sourceTree = "<group>";
		};
		3FF6844E1C8F2AC700A8814E /* RealmDatabase2Tests */ = {
			isa = PBXGroup;
			children = (
				3FF6844F1C8F2AC700A8814E /* RealmDatabase2Tests.swift */,
				3FF684511C8F2AC700A8814E /* Info.plist */,
			);
			path = RealmDatabase2Tests;
			sourceTree = "<group>";
		};
		3FF684591C8F2AC700A8814E /* RealmDatabase2UITests */ = {
			isa = PBXGroup;
			children = (
				3FF6845A1C8F2AC700A8814E /* RealmDatabase2UITests.swift */,
				3FF6845C1C8F2AC700A8814E /* Info.plist */,
			);
			path = RealmDatabase2UITests;
			sourceTree = "<group>";
		};
/* End PBXGroup section */

/* Begin PBXNativeTarget section */
		3FF684361C8F2AC700A8814E /* RealmDatabase2 */ = {
			isa = PBXNativeTarget;
			buildConfigurationList = 3FF6845F1C8F2AC700A8814E /* Build configuration list for PBXNativeTarget "RealmDatabase2" */;
			buildPhases = (
				3FF684331C8F2AC700A8814E /* Sources */,
				3FF684341C8F2AC700A8814E /* Frameworks */,
				3FF684351C8F2AC700A8814E /* Resources */,
				3FE849D81CB18A110025BF9A /* Embed Frameworks */,
			);
			buildRules = (
			);
			dependencies = (
			);
			name = RealmDatabase2;
			productName = RealmDatabase2;
			productReference = 3FF684371C8F2AC700A8814E /* RealmDatabase2.app */;
			productType = "com.apple.product-type.application";
		};
		3FF6844A1C8F2AC700A8814E /* RealmDatabase2Tests */ = {
			isa = PBXNativeTarget;
			buildConfigurationList = 3FF684621C8F2AC700A8814E /* Build configuration list for PBXNativeTarget "RealmDatabase2Tests" */;
			buildPhases = (
				3FF684471C8F2AC700A8814E /* Sources */,
				3FF684481C8F2AC700A8814E /* Frameworks */,
				3FF684491C8F2AC700A8814E /* Resources */,
			);
			buildRules = (
			);
			dependencies = (
				3FF6844D1C8F2AC700A8814E /* PBXTargetDependency */,
			);
			name = RealmDatabase2Tests;
			productName = RealmDatabase2Tests;
			productReference = 3FF6844B1C8F2AC700A8814E /* RealmDatabase2Tests.xctest */;
			productType = "com.apple.product-type.bundle.unit-test";
		};
		3FF684551C8F2AC700A8814E /* RealmDatabase2UITests */ = {
			isa = PBXNativeTarget;
			buildConfigurationList = 3FF684651C8F2AC700A8814E /* Build configuration list for PBXNativeTarget "RealmDatabase2UITests" */;
			buildPhases = (
				3FF684521C8F2AC700A8814E /* Sources */,
				3FF684531C8F2AC700A8814E /* Frameworks */,
				3FF684541C8F2AC700A8814E /* Resources */,
			);
			buildRules = (
			);
			dependencies = (
				3FF684581C8F2AC700A8814E /* PBXTargetDependency */,
			);
			name = RealmDatabase2UITests;
			productName = RealmDatabase2UITests;
			productReference = 3FF684561C8F2AC700A8814E /* RealmDatabase2UITests.xctest */;
			productType = "com.apple.product-type.bundle.ui-testing";
		};
/* End PBXNativeTarget section */

/* Begin PBXProject section */
		3FF6842F1C8F2AC700A8814E /* Project object */ = {
			isa = PBXProject;
			attributes = {
				LastSwiftUpdateCheck = 0720;
				LastUpgradeCheck = 0720;
				ORGANIZATIONNAME = Dmytro;
				TargetAttributes = {
					3FF684361C8F2AC700A8814E = {
						CreatedOnToolsVersion = 7.2.1;
						DevelopmentTeam = AQ7DE73ADM;
					};
					3FF6844A1C8F2AC700A8814E = {
						CreatedOnToolsVersion = 7.2.1;
						DevelopmentTeam = AQ7DE73ADM;
						TestTargetID = 3FF684361C8F2AC700A8814E;
					};
					3FF684551C8F2AC700A8814E = {
						CreatedOnToolsVersion = 7.2.1;
						DevelopmentTeam = AQ7DE73ADM;
						TestTargetID = 3FF684361C8F2AC700A8814E;
					};
				};
			};
			buildConfigurationList = 3FF684321C8F2AC700A8814E /* Build configuration list for PBXProject "RealmDatabase2" */;
			compatibilityVersion = "Xcode 6.3";
			developmentRegion = English;
			hasScannedForEncodings = 0;
			knownRegions = (
				en,
				Base,
			);
			mainGroup = 3FF6842E1C8F2AC700A8814E;
			productRefGroup = 3FF684381C8F2AC700A8814E /* Products */;
			projectDirPath = "";
			projectRoot = "";
			targets = (
				3FF684361C8F2AC700A8814E /* RealmDatabase2 */,
				3FF6844A1C8F2AC700A8814E /* RealmDatabase2Tests */,
				3FF684551C8F2AC700A8814E /* RealmDatabase2UITests */,
			);
		};
/* End PBXProject section */

/* Begin PBXResourcesBuildPhase section */
		3FF684351C8F2AC700A8814E /* Resources */ = {
			isa = PBXResourcesBuildPhase;
			buildActionMask = 2147483647;
			files = (
				3FF684451C8F2AC700A8814E /* LaunchScreen.storyboard in Resources */,
				3FF684421C8F2AC700A8814E /* Assets.xcassets in Resources */,
				3FE849E91CB2DA3D0025BF9A /* Database.realm in Resources */,
				3FF684401C8F2AC700A8814E /* Main.storyboard in Resources */,
			);
			runOnlyForDeploymentPostprocessing = 0;
		};
		3FF684491C8F2AC700A8814E /* Resources */ = {
			isa = PBXResourcesBuildPhase;
			buildActionMask = 2147483647;
			files = (
				3FE849EE1CB2DFFC0025BF9A /* LaunchScreen.storyboard in Resources */,
				3FE849EA1CB2DA3D0025BF9A /* Database.realm in Resources */,
				3FE849F41CB2E00C0025BF9A /* Assets.xcassets in Resources */,
				3FE849EC1CB2DFF80025BF9A /* Main.storyboard in Resources */,
			);
			runOnlyForDeploymentPostprocessing = 0;
		};
		3FF684541C8F2AC700A8814E /* Resources */ = {
			isa = PBXResourcesBuildPhase;
			buildActionMask = 2147483647;
			files = (
				3FE849EF1CB2DFFC0025BF9A /* LaunchScreen.storyboard in Resources */,
				3FE849EB1CB2DA3D0025BF9A /* Database.realm in Resources */,
				3FE849F51CB2E00C0025BF9A /* Assets.xcassets in Resources */,
				3FE849ED1CB2DFF80025BF9A /* Main.storyboard in Resources */,
			);
			runOnlyForDeploymentPostprocessing = 0;
		};
/* End PBXResourcesBuildPhase section */

/* Begin PBXSourcesBuildPhase section */
		3FF684331C8F2AC700A8814E /* Sources */ = {
			isa = PBXSourcesBuildPhase;
			buildActionMask = 2147483647;
			files = (
				3FF6843D1C8F2AC700A8814E /* DatabaseTest.swift in Sources */,
				3FE849CF1CB189C10025BF9A /* DatabaseDeclaration.swift in Sources */,
				3FF6843B1C8F2AC700A8814E /* AppDelegate.swift in Sources */,
			);
			runOnlyForDeploymentPostprocessing = 0;
		};
		3FF684471C8F2AC700A8814E /* Sources */ = {
			isa = PBXSourcesBuildPhase;
			buildActionMask = 2147483647;
			files = (
				3FE849F21CB2E0070025BF9A /* AppDelegate.swift in Sources */,
				3FE849F01CB2E0040025BF9A /* DatabaseTest.swift in Sources */,
				3FF684501C8F2AC700A8814E /* RealmDatabase2Tests.swift in Sources */,
				3FE849D01CB189C10025BF9A /* DatabaseDeclaration.swift in Sources */,
			);
			runOnlyForDeploymentPostprocessing = 0;
		};
		3FF684521C8F2AC700A8814E /* Sources */ = {
			isa = PBXSourcesBuildPhase;
			buildActionMask = 2147483647;
			files = (
				3FE849F31CB2E0080025BF9A /* AppDelegate.swift in Sources */,
				3FE849F11CB2E0040025BF9A /* DatabaseTest.swift in Sources */,
				3FF6845B1C8F2AC700A8814E /* RealmDatabase2UITests.swift in Sources */,
				3FE849D11CB189C10025BF9A /* DatabaseDeclaration.swift in Sources */,
			);
			runOnlyForDeploymentPostprocessing = 0;
		};
/* End PBXSourcesBuildPhase section */

/* Begin PBXTargetDependency section */
		3FF6844D1C8F2AC700A8814E /* PBXTargetDependency */ = {
			isa = PBXTargetDependency;
			target = 3FF684361C8F2AC700A8814E /* RealmDatabase2 */;
			targetProxy = 3FF6844C1C8F2AC700A8814E /* PBXContainerItemProxy */;
		};
		3FF684581C8F2AC700A8814E /* PBXTargetDependency */ = {
			isa = PBXTargetDependency;
			target = 3FF684361C8F2AC700A8814E /* RealmDatabase2 */;
			targetProxy = 3FF684571C8F2AC700A8814E /* PBXContainerItemProxy */;
		};
/* End PBXTargetDependency section */

/* Begin PBXVariantGroup section */
		3FF6843E1C8F2AC700A8814E /* Main.storyboard */ = {
			isa = PBXVariantGroup;
			children = (
				3FF6843F1C8F2AC700A8814E /* Base */,
			);
			name = Main.storyboard;
			sourceTree = "<group>";
		};
		3FF684431C8F2AC700A8814E /* LaunchScreen.storyboard */ = {
			isa = PBXVariantGroup;
			children = (
				3FF684441C8F2AC700A8814E /* Base */,
			);
			name = LaunchScreen.storyboard;
			sourceTree = "<group>";
		};
/* End PBXVariantGroup section */

/* Begin XCBuildConfiguration section */
		3FF6845D1C8F2AC700A8814E /* Debug */ = {
			isa = XCBuildConfiguration;
			buildSettings = {
				ALWAYS_SEARCH_USER_PATHS = NO;
				CLANG_CXX_LANGUAGE_STANDARD = "gnu++0x";
				CLANG_CXX_LIBRARY = "libc++";
				CLANG_ENABLE_MODULES = YES;
				CLANG_ENABLE_OBJC_ARC = YES;
				CLANG_WARN_BOOL_CONVERSION = YES;
				CLANG_WARN_CONSTANT_CONVERSION = YES;
				CLANG_WARN_DIRECT_OBJC_ISA_USAGE = YES_ERROR;
				CLANG_WARN_EMPTY_BODY = YES;
				CLANG_WARN_ENUM_CONVERSION = YES;
				CLANG_WARN_INT_CONVERSION = YES;
				CLANG_WARN_OBJC_ROOT_CLASS = YES_ERROR;
				CLANG_WARN_UNREACHABLE_CODE = YES;
				CLANG_WARN__DUPLICATE_METHOD_MATCH = YES;
				"CODE_SIGN_IDENTITY[sdk=iphoneos*]" = "iPhone Developer";
				COPY_PHASE_STRIP = NO;
				DEBUG_INFORMATION_FORMAT = dwarf;
				ENABLE_STRICT_OBJC_MSGSEND = YES;
				ENABLE_TESTABILITY = YES;
				GCC_C_LANGUAGE_STANDARD = gnu99;
				GCC_DYNAMIC_NO_PIC = NO;
				GCC_NO_COMMON_BLOCKS = YES;
				GCC_OPTIMIZATION_LEVEL = 0;
				GCC_PREPROCESSOR_DEFINITIONS = (
					"DEBUG=1",
					"$(inherited)",
				);
				GCC_WARN_64_TO_32_BIT_CONVERSION = YES;
				GCC_WARN_ABOUT_RETURN_TYPE = YES_ERROR;
				GCC_WARN_UNDECLARED_SELECTOR = YES;
				GCC_WARN_UNINITIALIZED_AUTOS = YES_AGGRESSIVE;
				GCC_WARN_UNUSED_FUNCTION = YES;
				GCC_WARN_UNUSED_VARIABLE = YES;
				IPHONEOS_DEPLOYMENT_TARGET = 9.2;
				MTL_ENABLE_DEBUG_INFO = YES;
				ONLY_ACTIVE_ARCH = YES;
				SDKROOT = iphoneos;
				SWIFT_OPTIMIZATION_LEVEL = "-Onone";
				TARGETED_DEVICE_FAMILY = "1,2";
			};
			name = Debug;
		};
		3FF6845E1C8F2AC700A8814E /* Release */ = {
			isa = XCBuildConfiguration;
			buildSettings = {
				ALWAYS_SEARCH_USER_PATHS = NO;
				CLANG_CXX_LANGUAGE_STANDARD = "gnu++0x";
				CLANG_CXX_LIBRARY = "libc++";
				CLANG_ENABLE_MODULES = YES;
				CLANG_ENABLE_OBJC_ARC = YES;
				CLANG_WARN_BOOL_CONVERSION = YES;
				CLANG_WARN_CONSTANT_CONVERSION = YES;
				CLANG_WARN_DIRECT_OBJC_ISA_USAGE = YES_ERROR;
				CLANG_WARN_EMPTY_BODY = YES;
				CLANG_WARN_ENUM_CONVERSION = YES;
				CLANG_WARN_INT_CONVERSION = YES;
				CLANG_WARN_OBJC_ROOT_CLASS = YES_ERROR;
				CLANG_WARN_UNREACHABLE_CODE = YES;
				CLANG_WARN__DUPLICATE_METHOD_MATCH = YES;
				"CODE_SIGN_IDENTITY[sdk=iphoneos*]" = "iPhone Developer";
				COPY_PHASE_STRIP = NO;
				DEBUG_INFORMATION_FORMAT = "dwarf-with-dsym";
				ENABLE_NS_ASSERTIONS = NO;
				ENABLE_STRICT_OBJC_MSGSEND = YES;
				GCC_C_LANGUAGE_STANDARD = gnu99;
				GCC_NO_COMMON_BLOCKS = YES;
				GCC_WARN_64_TO_32_BIT_CONVERSION = YES;
				GCC_WARN_ABOUT_RETURN_TYPE = YES_ERROR;
				GCC_WARN_UNDECLARED_SELECTOR = YES;
				GCC_WARN_UNINITIALIZED_AUTOS = YES_AGGRESSIVE;
				GCC_WARN_UNUSED_FUNCTION = YES;
				GCC_WARN_UNUSED_VARIABLE = YES;
				IPHONEOS_DEPLOYMENT_TARGET = 9.2;
				MTL_ENABLE_DEBUG_INFO = NO;
				SDKROOT = iphoneos;
				TARGETED_DEVICE_FAMILY = "1,2";
				VALIDATE_PRODUCT = YES;
			};
			name = Release;
		};
		3FF684601C8F2AC700A8814E /* Debug */ = {
			isa = XCBuildConfiguration;
			buildSettings = {
				ASSETCATALOG_COMPILER_APPICON_NAME = AppIcon;
				FRAMEWORK_SEARCH_PATHS = (
					"$(inherited)",
					"$(PROJECT_DIR)",
				);
				INFOPLIST_FILE = RealmDatabase2/Info.plist;
				LD_RUNPATH_SEARCH_PATHS = "$(inherited) @executable_path/Frameworks";
				PRODUCT_BUNDLE_IDENTIFIER = dmc.RealmDatabase2;
				PRODUCT_NAME = "$(TARGET_NAME)";
			};
			name = Debug;
		};
		3FF684611C8F2AC700A8814E /* Release */ = {
			isa = XCBuildConfiguration;
			buildSettings = {
				ASSETCATALOG_COMPILER_APPICON_NAME = AppIcon;
				FRAMEWORK_SEARCH_PATHS = (
					"$(inherited)",
					"$(PROJECT_DIR)",
				);
				INFOPLIST_FILE = RealmDatabase2/Info.plist;
				LD_RUNPATH_SEARCH_PATHS = "$(inherited) @executable_path/Frameworks";
				PRODUCT_BUNDLE_IDENTIFIER = dmc.RealmDatabase2;
				PRODUCT_NAME = "$(TARGET_NAME)";
			};
			name = Release;
		};
		3FF684631C8F2AC700A8814E /* Debug */ = {
			isa = XCBuildConfiguration;
			buildSettings = {
				BUNDLE_LOADER = "$(TEST_HOST)";
				EMBED_ASSET_PACKS_IN_PRODUCT_BUNDLE = YES;
				FRAMEWORK_SEARCH_PATHS = (
					"$(inherited)",
					"$(PROJECT_DIR)",
				);
				INFOPLIST_FILE = RealmDatabase2Tests/Info.plist;
				LD_RUNPATH_SEARCH_PATHS = "$(inherited) @executable_path/Frameworks @loader_path/Frameworks";
				PRODUCT_BUNDLE_IDENTIFIER = dmc.RealmDatabase2Tests;
				PRODUCT_NAME = "$(TARGET_NAME)";
				TEST_HOST = "$(BUILT_PRODUCTS_DIR)/RealmDatabase2.app/RealmDatabase2";
			};
			name = Debug;
		};
		3FF684641C8F2AC700A8814E /* Release */ = {
			isa = XCBuildConfiguration;
			buildSettings = {
				BUNDLE_LOADER = "$(TEST_HOST)";
				EMBED_ASSET_PACKS_IN_PRODUCT_BUNDLE = YES;
				FRAMEWORK_SEARCH_PATHS = (
					"$(inherited)",
					"$(PROJECT_DIR)",
				);
				INFOPLIST_FILE = RealmDatabase2Tests/Info.plist;
				LD_RUNPATH_SEARCH_PATHS = "$(inherited) @executable_path/Frameworks @loader_path/Frameworks";
				PRODUCT_BUNDLE_IDENTIFIER = dmc.RealmDatabase2Tests;
				PRODUCT_NAME = "$(TARGET_NAME)";
				TEST_HOST = "$(BUILT_PRODUCTS_DIR)/RealmDatabase2.app/RealmDatabase2";
			};
			name = Release;
		};
		3FF684661C8F2AC700A8814E /* Debug */ = {
			isa = XCBuildConfiguration;
			buildSettings = {
				EMBED_ASSET_PACKS_IN_PRODUCT_BUNDLE = YES;
				FRAMEWORK_SEARCH_PATHS = (
					"$(inherited)",
					"$(PROJECT_DIR)",
				);
				INFOPLIST_FILE = RealmDatabase2UITests/Info.plist;
				LD_RUNPATH_SEARCH_PATHS = "$(inherited) @executable_path/Frameworks @loader_path/Frameworks";
				PRODUCT_BUNDLE_IDENTIFIER = dmc.RealmDatabase2UITests;
				PRODUCT_NAME = "$(TARGET_NAME)";
				TEST_TARGET_NAME = RealmDatabase2;
				USES_XCTRUNNER = YES;
				VALIDATE_PRODUCT = YES;
			};
			name = Debug;
		};
		3FF684671C8F2AC700A8814E /* Release */ = {
			isa = XCBuildConfiguration;
			buildSettings = {
				EMBED_ASSET_PACKS_IN_PRODUCT_BUNDLE = YES;
				FRAMEWORK_SEARCH_PATHS = (
					"$(inherited)",
					"$(PROJECT_DIR)",
				);
				INFOPLIST_FILE = RealmDatabase2UITests/Info.plist;
				LD_RUNPATH_SEARCH_PATHS = "$(inherited) @executable_path/Frameworks @loader_path/Frameworks";
				PRODUCT_BUNDLE_IDENTIFIER = dmc.RealmDatabase2UITests;
				PRODUCT_NAME = "$(TARGET_NAME)";
				TEST_TARGET_NAME = RealmDatabase2;
				USES_XCTRUNNER = YES;
				VALIDATE_PRODUCT = YES;
			};
			name = Release;
		};
/* End XCBuildConfiguration section */

/* Begin XCConfigurationList section */
		3FF684321C8F2AC700A8814E /* Build configuration list for PBXProject "RealmDatabase2" */ = {
			isa = XCConfigurationList;
			buildConfigurations = (
				3FF6845D1C8F2AC700A8814E /* Debug */,
				3FF6845E1C8F2AC700A8814E /* Release */,
			);
			defaultConfigurationIsVisible = 0;
			defaultConfigurationName = Release;
		};
		3FF6845F1C8F2AC700A8814E /* Build configuration list for PBXNativeTarget "RealmDatabase2" */ = {
			isa = XCConfigurationList;
			buildConfigurations = (
				3FF684601C8F2AC700A8814E /* Debug */,
				3FF684611C8F2AC700A8814E /* Release */,
			);
			defaultConfigurationIsVisible = 0;
			defaultConfigurationName = Release;
		};
		3FF684621C8F2AC700A8814E /* Build configuration list for PBXNativeTarget "RealmDatabase2Tests" */ = {
			isa = XCConfigurationList;
			buildConfigurations = (
				3FF684631C8F2AC700A8814E /* Debug */,
				3FF684641C8F2AC700A8814E /* Release */,
			);
			defaultConfigurationIsVisible = 0;
			defaultConfigurationName = Release;
		};
		3FF684651C8F2AC700A8814E /* Build configuration list for PBXNativeTarget "RealmDatabase2UITests" */ = {
			isa = XCConfigurationList;
			buildConfigurations = (
				3FF684661C8F2AC700A8814E /* Debug */,
				3FF684671C8F2AC700A8814E /* Release */,
			);
			defaultConfigurationIsVisible = 0;
			defaultConfigurationName = Release;
		};
/* End XCConfigurationList section */
	};
	rootObject = 3FF6842F1C8F2AC700A8814E /* Project object */;
}
